// !$*UTF8*$!
{
	archiveVersion = 1;
	classes = {
	};
	objectVersion = 48;
	objects = {

/* Begin PBXBuildFile section */
		EC13B8CE201FD466007EF228 /* AppDelegate.swift in Sources */ = {isa = PBXBuildFile; fileRef = EC13B8CD201FD466007EF228 /* AppDelegate.swift */; };
		EC13B8D0201FD466007EF228 /* ViewController.swift in Sources */ = {isa = PBXBuildFile; fileRef = EC13B8CF201FD466007EF228 /* ViewController.swift */; };
		EC13B8D3201FD466007EF228 /* Main.storyboard in Resources */ = {isa = PBXBuildFile; fileRef = EC13B8D1201FD466007EF228 /* Main.storyboard */; };
		EC13B8D5201FD466007EF228 /* Assets.xcassets in Resources */ = {isa = PBXBuildFile; fileRef = EC13B8D4201FD466007EF228 /* Assets.xcassets */; };
		EC13B8D8201FD466007EF228 /* LaunchScreen.storyboard in Resources */ = {isa = PBXBuildFile; fileRef = EC13B8D6201FD466007EF228 /* LaunchScreen.storyboard */; };
		EC13B8E3201FD466007EF228 /* FlixTests.swift in Sources */ = {isa = PBXBuildFile; fileRef = EC13B8E2201FD466007EF228 /* FlixTests.swift */; };
		EC13B8EE201FD466007EF228 /* FlixUITests.swift in Sources */ = {isa = PBXBuildFile; fileRef = EC13B8ED201FD466007EF228 /* FlixUITests.swift */; };
/* End PBXBuildFile section */

/* Begin PBXContainerItemProxy section */
		EC13B8DF201FD466007EF228 /* PBXContainerItemProxy */ = {
			isa = PBXContainerItemProxy;
			containerPortal = EC13B8C2201FD466007EF228 /* Project object */;
			proxyType = 1;
			remoteGlobalIDString = EC13B8C9201FD466007EF228;
			remoteInfo = Flix;
		};
		EC13B8EA201FD466007EF228 /* PBXContainerItemProxy */ = {
			isa = PBXContainerItemProxy;
			containerPortal = EC13B8C2201FD466007EF228 /* Project object */;
			proxyType = 1;
			remoteGlobalIDString = EC13B8C9201FD466007EF228;
			remoteInfo = Flix;
		};
/* End PBXContainerItemProxy section */

/* Begin PBXFileReference section */
		EC13B8CA201FD466007EF228 /* Flix.app */ = {isa = PBXFileReference; explicitFileType = wrapper.application; includeInIndex = 0; path = Flix.app; sourceTree = BUILT_PRODUCTS_DIR; };
		EC13B8CD201FD466007EF228 /* AppDelegate.swift */ = {isa = PBXFileReference; lastKnownFileType = sourcecode.swift; path = AppDelegate.swift; sourceTree = "<group>"; };
		EC13B8CF201FD466007EF228 /* ViewController.swift */ = {isa = PBXFileReference; lastKnownFileType = sourcecode.swift; path = ViewController.swift; sourceTree = "<group>"; };
		EC13B8D2201FD466007EF228 /* Base */ = {isa = PBXFileReference; lastKnownFileType = file.storyboard; name = Base; path = Base.lproj/Main.storyboard; sourceTree = "<group>"; };
		EC13B8D4201FD466007EF228 /* Assets.xcassets */ = {isa = PBXFileReference; lastKnownFileType = folder.assetcatalog; path = Assets.xcassets; sourceTree = "<group>"; };
		EC13B8D7201FD466007EF228 /* Base */ = {isa = PBXFileReference; lastKnownFileType = file.storyboard; name = Base; path = Base.lproj/LaunchScreen.storyboard; sourceTree = "<group>"; };
		EC13B8D9201FD466007EF228 /* Info.plist */ = {isa = PBXFileReference; lastKnownFileType = text.plist.xml; path = Info.plist; sourceTree = "<group>"; };
		EC13B8DE201FD466007EF228 /* FlixTests.xctest */ = {isa = PBXFileReference; explicitFileType = wrapper.cfbundle; includeInIndex = 0; path = FlixTests.xctest; sourceTree = BUILT_PRODUCTS_DIR; };
		EC13B8E2201FD466007EF228 /* FlixTests.swift */ = {isa = PBXFileReference; lastKnownFileType = sourcecode.swift; path = FlixTests.swift; sourceTree = "<group>"; };
		EC13B8E4201FD466007EF228 /* Info.plist */ = {isa = PBXFileReference; lastKnownFileType = text.plist.xml; path = Info.plist; sourceTree = "<group>"; };
		EC13B8E9201FD466007EF228 /* FlixUITests.xctest */ = {isa = PBXFileReference; explicitFileType = wrapper.cfbundle; includeInIndex = 0; path = FlixUITests.xctest; sourceTree = BUILT_PRODUCTS_DIR; };
		EC13B8ED201FD466007EF228 /* FlixUITests.swift */ = {isa = PBXFileReference; lastKnownFileType = sourcecode.swift; path = FlixUITests.swift; sourceTree = "<group>"; };
		EC13B8EF201FD466007EF228 /* Info.plist */ = {isa = PBXFileReference; lastKnownFileType = text.plist.xml; path = Info.plist; sourceTree = "<group>"; };
/* End PBXFileReference section */

/* Begin PBXFrameworksBuildPhase section */
		EC13B8C7201FD466007EF228 /* Frameworks */ = {
			isa = PBXFrameworksBuildPhase;
			buildActionMask = 2147483647;
			files = (
			);
			runOnlyForDeploymentPostprocessing = 0;
		};
		EC13B8DB201FD466007EF228 /* Frameworks */ = {
			isa = PBXFrameworksBuildPhase;
			buildActionMask = 2147483647;
			files = (
			);
			runOnlyForDeploymentPostprocessing = 0;
		};
		EC13B8E6201FD466007EF228 /* Frameworks */ = {
			isa = PBXFrameworksBuildPhase;
			buildActionMask = 2147483647;
			files = (
			);
			runOnlyForDeploymentPostprocessing = 0;
		};
/* End PBXFrameworksBuildPhase section */

/* Begin PBXGroup section */
		EC13B8C1201FD466007EF228 = {
			isa = PBXGroup;
			children = (
				EC13B8CC201FD466007EF228 /* Flix */,
				EC13B8E1201FD466007EF228 /* FlixTests */,
				EC13B8EC201FD466007EF228 /* FlixUITests */,
				EC13B8CB201FD466007EF228 /* Products */,
			);
			sourceTree = "<group>";
		};
		EC13B8CB201FD466007EF228 /* Products */ = {
			isa = PBXGroup;
			children = (
				EC13B8CA201FD466007EF228 /* Flix.app */,
				EC13B8DE201FD466007EF228 /* FlixTests.xctest */,
				EC13B8E9201FD466007EF228 /* FlixUITests.xctest */,
			);
			name = Products;
			sourceTree = "<group>";
		};
		EC13B8CC201FD466007EF228 /* Flix */ = {
			isa = PBXGroup;
			children = (
				EC13B8CD201FD466007EF228 /* AppDelegate.swift */,
				EC13B8CF201FD466007EF228 /* ViewController.swift */,
				EC13B8D1201FD466007EF228 /* Main.storyboard */,
				EC13B8D4201FD466007EF228 /* Assets.xcassets */,
				EC13B8D6201FD466007EF228 /* LaunchScreen.storyboard */,
				EC13B8D9201FD466007EF228 /* Info.plist */,
			);
			path = Flix;
			sourceTree = "<group>";
		};
		EC13B8E1201FD466007EF228 /* FlixTests */ = {
			isa = PBXGroup;
			children = (
				EC13B8E2201FD466007EF228 /* FlixTests.swift */,
				EC13B8E4201FD466007EF228 /* Info.plist */,
			);
			path = FlixTests;
			sourceTree = "<group>";
		};
		EC13B8EC201FD466007EF228 /* FlixUITests */ = {
			isa = PBXGroup;
			children = (
				EC13B8ED201FD466007EF228 /* FlixUITests.swift */,
				EC13B8EF201FD466007EF228 /* Info.plist */,
			);
			path = FlixUITests;
			sourceTree = "<group>";
		};
/* End PBXGroup section */

/* Begin PBXNativeTarget section */
		EC13B8C9201FD466007EF228 /* Flix */ = {
			isa = PBXNativeTarget;
			buildConfigurationList = EC13B8F2201FD466007EF228 /* Build configuration list for PBXNativeTarget "Flix" */;
			buildPhases = (
				EC13B8C6201FD466007EF228 /* Sources */,
				EC13B8C7201FD466007EF228 /* Frameworks */,
				EC13B8C8201FD466007EF228 /* Resources */,
			);
			buildRules = (
			);
			dependencies = (
			);
			name = Flix;
			productName = Flix;
			productReference = EC13B8CA201FD466007EF228 /* Flix.app */;
			productType = "com.apple.product-type.application";
		};
		EC13B8DD201FD466007EF228 /* FlixTests */ = {
			isa = PBXNativeTarget;
			buildConfigurationList = EC13B8F5201FD466007EF228 /* Build configuration list for PBXNativeTarget "FlixTests" */;
			buildPhases = (
				EC13B8DA201FD466007EF228 /* Sources */,
				EC13B8DB201FD466007EF228 /* Frameworks */,
				EC13B8DC201FD466007EF228 /* Resources */,
			);
			buildRules = (
			);
			dependencies = (
				EC13B8E0201FD466007EF228 /* PBXTargetDependency */,
			);
			name = FlixTests;
			productName = FlixTests;
			productReference = EC13B8DE201FD466007EF228 /* FlixTests.xctest */;
			productType = "com.apple.product-type.bundle.unit-test";
		};
		EC13B8E8201FD466007EF228 /* FlixUITests */ = {
			isa = PBXNativeTarget;
			buildConfigurationList = EC13B8F8201FD466007EF228 /* Build configuration list for PBXNativeTarget "FlixUITests" */;
			buildPhases = (
				EC13B8E5201FD466007EF228 /* Sources */,
				EC13B8E6201FD466007EF228 /* Frameworks */,
				EC13B8E7201FD466007EF228 /* Resources */,
			);
			buildRules = (
			);
			dependencies = (
				EC13B8EB201FD466007EF228 /* PBXTargetDependency */,
			);
			name = FlixUITests;
			productName = FlixUITests;
			productReference = EC13B8E9201FD466007EF228 /* FlixUITests.xctest */;
			productType = "com.apple.product-type.bundle.ui-testing";
		};
/* End PBXNativeTarget section */

/* Begin PBXProject section */
		EC13B8C2201FD466007EF228 /* Project object */ = {
			isa = PBXProject;
			attributes = {
				LastSwiftUpdateCheck = 0920;
				LastUpgradeCheck = 0920;
				ORGANIZATIONNAME = "Daniel Calderon";
				TargetAttributes = {
					EC13B8C9201FD466007EF228 = {
						CreatedOnToolsVersion = 9.2;
						ProvisioningStyle = Automatic;
					};
					EC13B8DD201FD466007EF228 = {
						CreatedOnToolsVersion = 9.2;
						ProvisioningStyle = Automatic;
						TestTargetID = EC13B8C9201FD466007EF228;
					};
					EC13B8E8201FD466007EF228 = {
						CreatedOnToolsVersion = 9.2;
						ProvisioningStyle = Automatic;
						TestTargetID = EC13B8C9201FD466007EF228;
					};
				};
			};
			buildConfigurationList = EC13B8C5201FD466007EF228 /* Build configuration list for PBXProject "Flix" */;
			compatibilityVersion = "Xcode 8.0";
			developmentRegion = en;
			hasScannedForEncodings = 0;
			knownRegions = (
				en,
				Base,
			);
			mainGroup = EC13B8C1201FD466007EF228;
			productRefGroup = EC13B8CB201FD466007EF228 /* Products */;
			projectDirPath = "";
			projectRoot = "";
			targets = (
				EC13B8C9201FD466007EF228 /* Flix */,
				EC13B8DD201FD466007EF228 /* FlixTests */,
				EC13B8E8201FD466007EF228 /* FlixUITests */,
			);
		};
/* End PBXProject section */

/* Begin PBXResourcesBuildPhase section */
		EC13B8C8201FD466007EF228 /* Resources */ = {
			isa = PBXResourcesBuildPhase;
			buildActionMask = 2147483647;
			files = (
				EC13B8D8201FD466007EF228 /* LaunchScreen.storyboard in Resources */,
				EC13B8D5201FD466007EF228 /* Assets.xcassets in Resources */,
				EC13B8D3201FD466007EF228 /* Main.storyboard in Resources */,
			);
			runOnlyForDeploymentPostprocessing = 0;
		};
		EC13B8DC201FD466007EF228 /* Resources */ = {
			isa = PBXResourcesBuildPhase;
			buildActionMask = 2147483647;
			files = (
			);
			runOnlyForDeploymentPostprocessing = 0;
		};
		EC13B8E7201FD466007EF228 /* Resources */ = {
			isa = PBXResourcesBuildPhase;
			buildActionMask = 2147483647;
			files = (
			);
			runOnlyForDeploymentPostprocessing = 0;
		};
/* End PBXResourcesBuildPhase section */

/* Begin PBXSourcesBuildPhase section */
		EC13B8C6201FD466007EF228 /* Sources */ = {
			isa = PBXSourcesBuildPhase;
			buildActionMask = 2147483647;
			files = (
				EC13B8D0201FD466007EF228 /* ViewController.swift in Sources */,
				EC13B8CE201FD466007EF228 /* AppDelegate.swift in Sources */,
			);
			runOnlyForDeploymentPostprocessing = 0;
		};
		EC13B8DA201FD466007EF228 /* Sources */ = {
			isa = PBXSourcesBuildPhase;
			buildActionMask = 2147483647;
			files = (
				EC13B8E3201FD466007EF228 /* FlixTests.swift in Sources */,
			);
			runOnlyForDeploymentPostprocessing = 0;
		};
		EC13B8E5201FD466007EF228 /* Sources */ = {
			isa = PBXSourcesBuildPhase;
			buildActionMask = 2147483647;
			files = (
				EC13B8EE201FD466007EF228 /* FlixUITests.swift in Sources */,
			);
			runOnlyForDeploymentPostprocessing = 0;
		};
/* End PBXSourcesBuildPhase section */

/* Begin PBXTargetDependency section */
		EC13B8E0201FD466007EF228 /* PBXTargetDependency */ = {
			isa = PBXTargetDependency;
			target = EC13B8C9201FD466007EF228 /* Flix */;
			targetProxy = EC13B8DF201FD466007EF228 /* PBXContainerItemProxy */;
		};
		EC13B8EB201FD466007EF228 /* PBXTargetDependency */ = {
			isa = PBXTargetDependency;
			target = EC13B8C9201FD466007EF228 /* Flix */;
			targetProxy = EC13B8EA201FD466007EF228 /* PBXContainerItemProxy */;
		};
/* End PBXTargetDependency section */

/* Begin PBXVariantGroup section */
		EC13B8D1201FD466007EF228 /* Main.storyboard */ = {
			isa = PBXVariantGroup;
			children = (
				EC13B8D2201FD466007EF228 /* Base */,
			);
			name = Main.storyboard;
			sourceTree = "<group>";
		};
		EC13B8D6201FD466007EF228 /* LaunchScreen.storyboard */ = {
			isa = PBXVariantGroup;
			children = (
				EC13B8D7201FD466007EF228 /* Base */,
			);
			name = LaunchScreen.storyboard;
			sourceTree = "<group>";
		};
/* End PBXVariantGroup section */

/* Begin XCBuildConfiguration section */
		EC13B8F0201FD466007EF228 /* Debug */ = {
			isa = XCBuildConfiguration;
			buildSettings = {
				ALWAYS_SEARCH_USER_PATHS = NO;
				CLANG_ANALYZER_NONNULL = YES;
				CLANG_ANALYZER_NUMBER_OBJECT_CONVERSION = YES_AGGRESSIVE;
				CLANG_CXX_LANGUAGE_STANDARD = "gnu++14";
				CLANG_CXX_LIBRARY = "libc++";
				CLANG_ENABLE_MODULES = YES;
				CLANG_ENABLE_OBJC_ARC = YES;
				CLANG_WARN_BLOCK_CAPTURE_AUTORELEASING = YES;
				CLANG_WARN_BOOL_CONVERSION = YES;
				CLANG_WARN_COMMA = YES;
				CLANG_WARN_CONSTANT_CONVERSION = YES;
				CLANG_WARN_DIRECT_OBJC_ISA_USAGE = YES_ERROR;
				CLANG_WARN_DOCUMENTATION_COMMENTS = YES;
				CLANG_WARN_EMPTY_BODY = YES;
				CLANG_WARN_ENUM_CONVERSION = YES;
				CLANG_WARN_INFINITE_RECURSION = YES;
				CLANG_WARN_INT_CONVERSION = YES;
				CLANG_WARN_NON_LITERAL_NULL_CONVERSION = YES;
				CLANG_WARN_OBJC_LITERAL_CONVERSION = YES;
				CLANG_WARN_OBJC_ROOT_CLASS = YES_ERROR;
				CLANG_WARN_RANGE_LOOP_ANALYSIS = YES;
				CLANG_WARN_STRICT_PROTOTYPES = YES;
				CLANG_WARN_SUSPICIOUS_MOVE = YES;
				CLANG_WARN_UNGUARDED_AVAILABILITY = YES_AGGRESSIVE;
				CLANG_WARN_UNREACHABLE_CODE = YES;
				CLANG_WARN__DUPLICATE_METHOD_MATCH = YES;
				CODE_SIGN_IDENTITY = "iPhone Developer";
				COPY_PHASE_STRIP = NO;
				DEBUG_INFORMATION_FORMAT = dwarf;
				ENABLE_STRICT_OBJC_MSGSEND = YES;
				ENABLE_TESTABILITY = YES;
				GCC_C_LANGUAGE_STANDARD = gnu11;
				GCC_DYNAMIC_NO_PIC = NO;
				GCC_NO_COMMON_BLOCKS = YES;
				GCC_OPTIMIZATION_LEVEL = 0;
				GCC_PREPROCESSOR_DEFINITIONS = (
					"DEBUG=1",
					"$(inherited)",
				);
				GCC_WARN_64_TO_32_BIT_CONVERSION = YES;
				GCC_WARN_ABOUT_RETURN_TYPE = YES_ERROR;
				GCC_WARN_UNDECLARED_SELECTOR = YES;
				GCC_WARN_UNINITIALIZED_AUTOS = YES_AGGRESSIVE;
				GCC_WARN_UNUSED_FUNCTION = YES;
				GCC_WARN_UNUSED_VARIABLE = YES;
				IPHONEOS_DEPLOYMENT_TARGET = 11.2;
				MTL_ENABLE_DEBUG_INFO = YES;
				ONLY_ACTIVE_ARCH = YES;
				SDKROOT = iphoneos;
				SWIFT_ACTIVE_COMPILATION_CONDITIONS = DEBUG;
				SWIFT_OPTIMIZATION_LEVEL = "-Onone";
			};
			name = Debug;
		};
		EC13B8F1201FD466007EF228 /* Release */ = {
			isa = XCBuildConfiguration;
			buildSettings = {
				ALWAYS_SEARCH_USER_PATHS = NO;
				CLANG_ANALYZER_NONNULL = YES;
				CLANG_ANALYZER_NUMBER_OBJECT_CONVERSION = YES_AGGRESSIVE;
				CLANG_CXX_LANGUAGE_STANDARD = "gnu++14";
				CLANG_CXX_LIBRARY = "libc++";
				CLANG_ENABLE_MODULES = YES;
				CLANG_ENABLE_OBJC_ARC = YES;
				CLANG_WARN_BLOCK_CAPTURE_AUTORELEASING = YES;
				CLANG_WARN_BOOL_CONVERSION = YES;
				CLANG_WARN_COMMA = YES;
				CLANG_WARN_CONSTANT_CONVERSION = YES;
				CLANG_WARN_DIRECT_OBJC_ISA_USAGE = YES_ERROR;
				CLANG_WARN_DOCUMENTATION_COMMENTS = YES;
				CLANG_WARN_EMPTY_BODY = YES;
				CLANG_WARN_ENUM_CONVERSION = YES;
				CLANG_WARN_INFINITE_RECURSION = YES;
				CLANG_WARN_INT_CONVERSION = YES;
				CLANG_WARN_NON_LITERAL_NULL_CONVERSION = YES;
				CLANG_WARN_OBJC_LITERAL_CONVERSION = YES;
				CLANG_WARN_OBJC_ROOT_CLASS = YES_ERROR;
				CLANG_WARN_RANGE_LOOP_ANALYSIS = YES;
				CLANG_WARN_STRICT_PROTOTYPES = YES;
				CLANG_WARN_SUSPICIOUS_MOVE = YES;
				CLANG_WARN_UNGUARDED_AVAILABILITY = YES_AGGRESSIVE;
				CLANG_WARN_UNREACHABLE_CODE = YES;
				CLANG_WARN__DUPLICATE_METHOD_MATCH = YES;
				CODE_SIGN_IDENTITY = "iPhone Developer";
				COPY_PHASE_STRIP = NO;
				DEBUG_INFORMATION_FORMAT = "dwarf-with-dsym";
				ENABLE_NS_ASSERTIONS = NO;
				ENABLE_STRICT_OBJC_MSGSEND = YES;
				GCC_C_LANGUAGE_STANDARD = gnu11;
				GCC_NO_COMMON_BLOCKS = YES;
				GCC_WARN_64_TO_32_BIT_CONVERSION = YES;
				GCC_WARN_ABOUT_RETURN_TYPE = YES_ERROR;
				GCC_WARN_UNDECLARED_SELECTOR = YES;
				GCC_WARN_UNINITIALIZED_AUTOS = YES_AGGRESSIVE;
				GCC_WARN_UNUSED_FUNCTION = YES;
				GCC_WARN_UNUSED_VARIABLE = YES;
				IPHONEOS_DEPLOYMENT_TARGET = 11.2;
				MTL_ENABLE_DEBUG_INFO = NO;
				SDKROOT = iphoneos;
				SWIFT_OPTIMIZATION_LEVEL = "-Owholemodule";
				VALIDATE_PRODUCT = YES;
			};
			name = Release;
		};
		EC13B8F3201FD466007EF228 /* Debug */ = {
			isa = XCBuildConfiguration;
			buildSettings = {
				ASSETCATALOG_COMPILER_APPICON_NAME = AppIcon;
				CODE_SIGN_STYLE = Automatic;
				INFOPLIST_FILE = Flix/Info.plist;
				LD_RUNPATH_SEARCH_PATHS = "$(inherited) @executable_path/Frameworks";
				PRODUCT_BUNDLE_IDENTIFIER = com.codepath.Flix;
				PRODUCT_NAME = "$(TARGET_NAME)";
				SWIFT_VERSION = 4.0;
				TARGETED_DEVICE_FAMILY = "1,2";
			};
			name = Debug;
		};
		EC13B8F4201FD466007EF228 /* Release */ = {
			isa = XCBuildConfiguration;
			buildSettings = {
				ASSETCATALOG_COMPILER_APPICON_NAME = AppIcon;
				CODE_SIGN_STYLE = Automatic;
				INFOPLIST_FILE = Flix/Info.plist;
				LD_RUNPATH_SEARCH_PATHS = "$(inherited) @executable_path/Frameworks";
				PRODUCT_BUNDLE_IDENTIFIER = com.codepath.Flix;
				PRODUCT_NAME = "$(TARGET_NAME)";
				SWIFT_VERSION = 4.0;
				TARGETED_DEVICE_FAMILY = "1,2";
			};
			name = Release;
		};
		EC13B8F6201FD466007EF228 /* Debug */ = {
			isa = XCBuildConfiguration;
			buildSettings = {
				ALWAYS_EMBED_SWIFT_STANDARD_LIBRARIES = YES;
				BUNDLE_LOADER = "$(TEST_HOST)";
				CODE_SIGN_STYLE = Automatic;
				INFOPLIST_FILE = FlixTests/Info.plist;
				LD_RUNPATH_SEARCH_PATHS = "$(inherited) @executable_path/Frameworks @loader_path/Frameworks";
				PRODUCT_BUNDLE_IDENTIFIER = com.codepath.FlixTests;
				PRODUCT_NAME = "$(TARGET_NAME)";
				SWIFT_VERSION = 4.0;
				TARGETED_DEVICE_FAMILY = "1,2";
				TEST_HOST = "$(BUILT_PRODUCTS_DIR)/Flix.app/Flix";
			};
			name = Debug;
		};
		EC13B8F7201FD466007EF228 /* Release */ = {
			isa = XCBuildConfiguration;
			buildSettings = {
				ALWAYS_EMBED_SWIFT_STANDARD_LIBRARIES = YES;
				BUNDLE_LOADER = "$(TEST_HOST)";
				CODE_SIGN_STYLE = Automatic;
				INFOPLIST_FILE = FlixTests/Info.plist;
				LD_RUNPATH_SEARCH_PATHS = "$(inherited) @executable_path/Frameworks @loader_path/Frameworks";
				PRODUCT_BUNDLE_IDENTIFIER = com.codepath.FlixTests;
				PRODUCT_NAME = "$(TARGET_NAME)";
				SWIFT_VERSION = 4.0;
				TARGETED_DEVICE_FAMILY = "1,2";
				TEST_HOST = "$(BUILT_PRODUCTS_DIR)/Flix.app/Flix";
			};
			name = Release;
		};
		EC13B8F9201FD466007EF228 /* Debug */ = {
			isa = XCBuildConfiguration;
			buildSettings = {
				ALWAYS_EMBED_SWIFT_STANDARD_LIBRARIES = YES;
				CODE_SIGN_STYLE = Automatic;
				INFOPLIST_FILE = FlixUITests/Info.plist;
				LD_RUNPATH_SEARCH_PATHS = "$(inherited) @executable_path/Frameworks @loader_path/Frameworks";
				PRODUCT_BUNDLE_IDENTIFIER = com.codepath.FlixUITests;
				PRODUCT_NAME = "$(TARGET_NAME)";
				SWIFT_VERSION = 4.0;
				TARGETED_DEVICE_FAMILY = "1,2";
				TEST_TARGET_NAME = Flix;
			};
			name = Debug;
		};
		EC13B8FA201FD466007EF228 /* Release */ = {
			isa = XCBuildConfiguration;
			buildSettings = {
				ALWAYS_EMBED_SWIFT_STANDARD_LIBRARIES = YES;
				CODE_SIGN_STYLE = Automatic;
				INFOPLIST_FILE = FlixUITests/Info.plist;
				LD_RUNPATH_SEARCH_PATHS = "$(inherited) @executable_path/Frameworks @loader_path/Frameworks";
				PRODUCT_BUNDLE_IDENTIFIER = com.codepath.FlixUITests;
				PRODUCT_NAME = "$(TARGET_NAME)";
				SWIFT_VERSION = 4.0;
				TARGETED_DEVICE_FAMILY = "1,2";
				TEST_TARGET_NAME = Flix;
			};
			name = Release;
		};
/* End XCBuildConfiguration section */

/* Begin XCConfigurationList section */
		EC13B8C5201FD466007EF228 /* Build configuration list for PBXProject "Flix" */ = {
			isa = XCConfigurationList;
			buildConfigurations = (
				EC13B8F0201FD466007EF228 /* Debug */,
				EC13B8F1201FD466007EF228 /* Release */,
			);
			defaultConfigurationIsVisible = 0;
			defaultConfigurationName = Release;
		};
		EC13B8F2201FD466007EF228 /* Build configuration list for PBXNativeTarget "Flix" */ = {
			isa = XCConfigurationList;
			buildConfigurations = (
				EC13B8F3201FD466007EF228 /* Debug */,
				EC13B8F4201FD466007EF228 /* Release */,
			);
			defaultConfigurationIsVisible = 0;
			defaultConfigurationName = Release;
		};
		EC13B8F5201FD466007EF228 /* Build configuration list for PBXNativeTarget "FlixTests" */ = {
			isa = XCConfigurationList;
			buildConfigurations = (
				EC13B8F6201FD466007EF228 /* Debug */,
				EC13B8F7201FD466007EF228 /* Release */,
			);
			defaultConfigurationIsVisible = 0;
			defaultConfigurationName = Release;
		};
		EC13B8F8201FD466007EF228 /* Build configuration list for PBXNativeTarget "FlixUITests" */ = {
			isa = XCConfigurationList;
			buildConfigurations = (
				EC13B8F9201FD466007EF228 /* Debug */,
				EC13B8FA201FD466007EF228 /* Release */,
			);
			defaultConfigurationIsVisible = 0;
			defaultConfigurationName = Release;
		};
/* End XCConfigurationList section */
	};
	rootObject = EC13B8C2201FD466007EF228 /* Project object */;
}
